
Microsoft Visual Studio Solution File, Format Version 12.00
# Visual Studio Version 16
VisualStudioVersion = 16.0.29324.140
MinimumVisualStudioVersion = 10.0.40219.1
Project("{FAE04EC0-301F-11D3-BF4B-00C04F79EFBC}") = "PushNotifications", "PushNotifications\PushNotifications.csproj", "{A6FD9C55-01AC-4593-8181-F5320819FAAD}"
EndProject
Global
	GlobalSection(SolutionConfigurationPlatforms) = preSolution
		Debug|Any CPU = Debug|Any CPU
		Release|Any CPU = Release|Any CPU
	EndGlobalSection
	GlobalSection(ProjectConfigurationPlatforms) = postSolution
		{A6FD9C55-01AC-4593-8181-F5320819FAAD}.Debug|Any CPU.ActiveCfg = Debug|Any CPU
		{A6FD9C55-01AC-4593-8181-F5320819FAAD}.Debug|Any CPU.Build.0 = Debug|Any CPU
		{A6FD9C55-01AC-4593-8181-F5320819FAAD}.Debug|Any CPU.Deploy.0 = Debug|Any CPU
		{A6FD9C55-01AC-4593-8181-F5320819FAAD}.Release|Any CPU.ActiveCfg = Release|Any CPU
		{A6FD9C55-01AC-4593-8181-F5320819FAAD}.Release|Any CPU.Build.0 = Release|Any CPU
		{A6FD9C55-01AC-4593-8181-F5320819FAAD}.Release|Any CPU.Deploy.0 = Release|Any CPU
	EndGlobalSection
	GlobalSection(SolutionProperties) = preSolution
		HideSolutionNode = FALSE
	EndGlobalSection
	GlobalSection(ExtensibilityGlobals) = postSolution
		SolutionGuid = {1DB5319E-2702-4972-872C-B0DC95ADAF44}
	EndGlobalSection
EndGlobal
